github.com/FortAwesome/Font-Awesome v0.0.0-20210804190922-7d3d774145ac/go.mod h1:IUgezN/MFpCDIlFezw3L8j83oeiIuYoj28Miwr/KUYo=
github.com/FortAwesome/Font-Awesome v0.0.0-20220831210243-d3a7818c253f/go.mod h1:IUgezN/MFpCDIlFezw3L8j83oeiIuYoj28Miwr/KUYo=
github.com/FortAwesome/Font-Awesome v0.0.0-20230327165841-0698449d50f2/go.mod h1:IUgezN/MFpCDIlFezw3L8j83oeiIuYoj28Miwr/KUYo=
github.com/FortAwesome/Font-Awesome v0.0.0-20240108205627-a1232e345536 h1:LFS9LpoSZYhxQ6clU0NIVbaGR08BlxAs4b+9W+7IGVQ=
github.com/FortAwesome/Font-Awesome v0.0.0-20240108205627-a1232e345536/go.mod h1:IUgezN/MFpCDIlFezw3L8j83oeiIuYoj28Miwr/KUYo=
github.com/FortAwesome/Font-Awesome v0.0.0-20240402185447-c0f460dca7f7/go.mod h1:IUgezN/MFpCDIlFezw3L8j83oeiIuYoj28Miwr/KUYo=
github.com/acend/docsy-acend v0.0.0-20220406070448-8027986336dc h1:kNDPVcZCXsbJxqDstPoesa9YqWx84BVowj9cgxG6dnE=
github.com/acend/docsy-acend v0.0.0-20220406070448-8027986336dc/go.mod h1:92hTJB3aPssEooTK+gv0i84vwTjah30HKaLGdupJaPA=
github.com/acend/docsy-acend v0.0.0-20220803144727-ae91bbd8a950 h1:U9lxN8KbS2BMDINtOh3GiIdgXl/5lse+TjxsUr0gcNs=
github.com/acend/docsy-acend v0.0.0-20220803144727-ae91bbd8a950/go.mod h1:h8XZkPe1VufdOQfFXcLVQ7FvOJyIMKr8rJcSvWStG2g=
github.com/acend/docsy-acend v0.0.0-20230301101952-9253f0a31c68 h1:trqoLzVYYvjHqexqpuqNzObHdJ3oSP6EqWfl3w/nPPE=
github.com/acend/docsy-acend v0.0.0-20230301101952-9253f0a31c68/go.mod h1:h8XZkPe1VufdOQfFXcLVQ7FvOJyIMKr8rJcSvWStG2g=
github.com/acend/docsy-acend v1.0.0 h1:TwmHoH3z6lh5zcNj6zUpMP4lYOhQ+OOgcbBwr7AqVoo=
github.com/acend/docsy-acend v1.0.0/go.mod h1:h8XZkPe1VufdOQfFXcLVQ7FvOJyIMKr8rJcSvWStG2g=
github.com/acend/docsy-plus v0.0.0-20220428195954-da462686a1f4 h1:NH8RTlmPMcTPxfZYlqYWWcqoQ5STebCQikKByJVRnAA=
github.com/acend/docsy-plus v0.0.0-20220428195954-da462686a1f4/go.mod h1:FUTTPmi3S92rVMbCYqXdGNxixdyqACBrFTK7dOuMttQ=
github.com/acend/docsy-plus v0.0.0-20220803122230-63e7228e737f h1:RMe3ZZ9KHUImhufaGViI6gnSTraEk+xvlTu9ae1lbys=
github.com/acend/docsy-plus v0.0.0-20220803122230-63e7228e737f/go.mod h1:YDHqf+DCZcx5HvKGzaBluPmLfgHQ2GKkYjggvF98jR4=
github.com/acend/docsy-plus v0.0.0-20221007192802-3b68a39bfb09 h1:6L6dny1gmnYw6sEZBh7gSCzbmdpOVdhN5sR1ZFt1Kj0=
github.com/acend/docsy-plus v0.0.0-20221007192802-3b68a39bfb09/go.mod h1:YDHqf+DCZcx5HvKGzaBluPmLfgHQ2GKkYjggvF98jR4=
github.com/acend/docsy-plus v0.0.0-20221124133822-edd51fecdbeb h1:CmN6u5xQRSF5QwnCOCS9zf5VKQO5sZ3SEfwbEG/Tuqc=
github.com/acend/docsy-plus v0.0.0-20221124133822-edd51fecdbeb/go.mod h1:YDHqf+DCZcx5HvKGzaBluPmLfgHQ2GKkYjggvF98jR4=
github.com/acend/docsy-plus v0.0.0-20221209092845-53bb58a32d13 h1:F/3yfoHP+4ljnpRnVZN1bBzgizvhCbj5WDtcj75RAFE=
github.com/acend/docsy-plus v0.0.0-20221209092845-53bb58a32d13/go.mod h1:YDHqf+DCZcx5HvKGzaBluPmLfgHQ2GKkYjggvF98jR4=
github.com/acend/docsy-plus v0.0.0-20230303095323-1af8d88aadc7 h1:gqzupsXEHLIk9fHmglX6Ob2gCXV/zf0ZYU9ksvqsWAo=
github.com/acend/docsy-plus v0.0.0-20230303095323-1af8d88aadc7/go.mod h1:YDHqf+DCZcx5HvKGzaBluPmLfgHQ2GKkYjggvF98jR4=
github.com/acend/docsy-plus v1.1.0 h1:MgHPR3YRPrJSWtMS3eQKJivdCEwFHCIKD0jChsZS3SM=
github.com/acend/docsy-plus v1.1.0/go.mod h1:LPbI0Ljrhzt0YHUg8qozWVUXjrMVI1cFVPn3TyQxbcY=
github.com/acend/docsy-plus v1.2.0/go.mod h1:LPbI0Ljrhzt0YHUg8qozWVUXjrMVI1cFVPn3TyQxbcY=
github.com/cilium/ebpf v0.12.0 h1:oQEuIQIXgYhe1v7sYUG0P9vtJTYZLLdA6tiQmrOB1mo=
github.com/cilium/ebpf v0.12.0/go.mod h1:u9H29/Iq+8cy70YqI6p5pfADkFl3vdnV2qXDg5JL0Zo=
github.com/google/docsy v0.4.0 h1:Eyt2aiDC1fnw/Qq/9xnIqUU5n5Yyk4c8gX3nBDdTv/4=
github.com/google/docsy v0.4.0/go.mod h1:vJjGkHNaw9bO42gpFTWwAUzHZWZEVlK46Kx7ikY5c7Y=
github.com/google/docsy v0.6.0 h1:43bVF18t2JihAamelQjjGzx1vO2ljCilVrBgetCA8oI=
github.com/google/docsy v0.6.0/go.mod h1:VKKLqD8PQ7AglJc98yBorATfW7GrNVsn0kGXVYF6G+M=
github.com/google/docsy v0.9.1 h1:+jqges1YCd+yHeuZ1BUvD8V8mEGVtPxULg5j/vaJ984=
github.com/google/docsy v0.9.1/go.mod h1:saOqKEUOn07Bc0orM/JdIF3VkOanHta9LU5Y53bwN2U=
github.com/google/docsy v0.10.0/go.mod h1:c0nIAqmRTOuJ01F85U/wJPQtc3Zj9N58Kea9bOT2AJc=
github.com/google/docsy/dependencies v0.4.0 h1:FXwyjtuFfPIPBauU2t7uIAgS6VYfJf+OD5pzxGvkQsQ=
github.com/google/docsy/dependencies v0.4.0/go.mod h1:2zZxHF+2qvkyXhLZtsbnqMotxMukJXLaf8fAZER48oo=
github.com/google/docsy/dependencies v0.6.0 h1:BFXDCINbp8ZuUGl/mrHjMfhCg+b1YX+hVLAA5fGW7Pc=
github.com/google/docsy/dependencies v0.6.0/go.mod h1:EDGc2znMbGUw0RW5kWwy2oGgLt0iVXBmoq4UOqstuNE=
github.com/google/docsy/dependencies v0.7.2 h1:+t5ufoADQAj4XneFphz4A+UU0ICAxmNaRHVWtMYXPSI=
github.com/google/docsy/dependencies v0.7.2/go.mod h1:gihhs5gmgeO+wuoay4FwOzob+jYJVyQbNaQOh788lD4=
github.com/puzzle/docsy-puzzle v0.0.0-20220406081603-2cd9f7c8d79a h1:ivuXhwliGTmfp4Zn9dqHiIHPUbniLhsbSYKrsQIoFKM=
github.com/puzzle/docsy-puzzle v0.0.0-20220406081603-2cd9f7c8d79a/go.mod h1:FHtQEgHYfsiO5d1XXaF/mD5C51PQw1kea8JwTGBs93o=
github.com/puzzle/docsy-puzzle v0.0.0-20230123144731-757054047a02 h1:80gTlzoKpnRjr4F70KAXmNs6UsTAkPgYEyyVguDwheg=
github.com/puzzle/docsy-puzzle v0.0.0-20230123144731-757054047a02/go.mod h1:q4bPnnpLaz5IDdFmQFxCHr85uwAsK9ayut5NNmC4w3I=
github.com/twbs/bootstrap v4.6.1+incompatible/go.mod h1:fZTSrkpSf0/HkL0IIJzvVspTt1r9zuf7XlZau8kpcY0=
github.com/twbs/bootstrap v4.6.2+incompatible/go.mod h1:fZTSrkpSf0/HkL0IIJzvVspTt1r9zuf7XlZau8kpcY0=
github.com/twbs/bootstrap v5.2.3+incompatible/go.mod h1:fZTSrkpSf0/HkL0IIJzvVspTt1r9zuf7XlZau8kpcY0=
github.com/twbs/bootstrap v5.3.3+incompatible h1:goFoqinzdHfkeegpFP7pvhbd0g+A3O2hbU3XCjuNrEQ=
github.com/twbs/bootstrap v5.3.3+incompatible/go.mod h1:fZTSrkpSf0/HkL0IIJzvVspTt1r9zuf7XlZau8kpcY0=
golang.org/x/exp v0.0.0-20230224173230-c95f2b4c22f2 h1:Jvc7gsqn21cJHCmAWx0LiimpP18LZmUxkT5Mp7EZ1mI=
golang.org/x/exp v0.0.0-20230224173230-c95f2b4c22f2/go.mod h1:CxIveKay+FTh1D0yPZemJVgC/95VzuuOLq5Qi4xnoYc=
golang.org/x/exp v0.0.0-20240325151524-a685a6edb6d8 h1:aAcj0Da7eBAtrTp03QXWvm88pSyOt+UgdZw2BFZ+lEw=
golang.org/x/exp v0.0.0-20240325151524-a685a6edb6d8/go.mod h1:CQ1k9gNrJ50XIzaKCRR2hssIjF07kZFEiieALBM/ARQ=
golang.org/x/sys v0.6.0 h1:MVltZSvRTcU2ljQOhs94SXPftV6DCNnZViHeQps87pQ=
golang.org/x/sys v0.6.0/go.mod h1:oPkhp1MJrh7nUepCBck5+mAzfO9JrbApNNgaTdGDITg=
golang.org/x/sys v0.14.0 h1:Vz7Qs629MkJkGyHxUlRHizWJRG2j8fbQKjELVSNhy7Q=
golang.org/x/sys v0.14.0/go.mod h1:/VUhepiaJMQUp4+oa/7Zr1D23ma6VTLIYjOOTFZPUcA=
